
Microsoft Visual Studio Solution File, Format Version 12.00
# Visual Studio Version 17
VisualStudioVersion = 17.9.34902.65
MinimumVisualStudioVersion = 10.0.40219.1
Project("{FAE04EC0-301F-11D3-BF4B-00C04F79EFBC}") = "OnPlayerHurtSoundPlugin", "OnPlayerHurtSoundPlugin\OnPlayerHurtSoundPlugin.csproj", "{0C037EAC-8D23-4951-ADA8-5319CCCB05CB}"
EndProject
Global
	GlobalSection(SolutionConfigurationPlatforms) = preSolution
		Debug|Any CPU = Debug|Any CPU
		Release|Any CPU = Release|Any CPU
	EndGlobalSection
	GlobalSection(ProjectConfigurationPlatforms) = postSolution
		{0C037EAC-8D23-4951-ADA8-5319CCCB05CB}.Debug|Any CPU.ActiveCfg = Debug|Any CPU
		{0C037EAC-8D23-4951-ADA8-5319CCCB05CB}.Debug|Any CPU.Build.0 = Debug|Any CPU
		{0C037EAC-8D23-4951-ADA8-5319CCCB05CB}.Release|Any CPU.ActiveCfg = Release|Any CPU
		{0C037EAC-8D23-4951-ADA8-5319CCCB05CB}.Release|Any CPU.Build.0 = Release|Any CPU
	EndGlobalSection
	GlobalSection(SolutionProperties) = preSolution
		HideSolutionNode = FALSE
	EndGlobalSection
	GlobalSection(ExtensibilityGlobals) = postSolution
		SolutionGuid = {396003D1-7C55-479F-8B75-88C01772A957}
	EndGlobalSection
EndGlobal
